# THIS IS AN AUTOGENERATED FILE. DO NOT EDIT THIS FILE DIRECTLY.
# yarn lockfile v1


nouislider@^14.6.0:
  version "14.6.0"
  resolved "https://registry.yarnpkg.com/nouislider/-/nouislider-14.6.0.tgz#10c409e4f9d5d0e72a3b1c2adcf827e9c3054e39"
  integrity sha512-KY0jH2pU4G/55wpoS5Ynyrc5xpOMZ10/Xr51sMYG/JxmYoPJGy3fG8mOMio0MJXerKp5Go3elwcODk3lX6mFMQ==
